
Microsoft Visual Studio Solution File, Format Version 12.00
# Visual Studio Version 17
VisualStudioVersion = 17.3.32819.101
MinimumVisualStudioVersion = 10.0.40219.1
Project("{FAE04EC0-301F-11D3-BF4B-00C04F79EFBC}") = "login_register_Encryption_Hashing__Verification_11", "login_register_Encryption_Hashing__Verification_11\login_register_Encryption_Hashing__Verification_11.csproj", "{8F59ACA2-9F76-4D2C-82D3-991B05CD45B8}"
EndProject
Global
	GlobalSection(SolutionConfigurationPlatforms) = preSolution
		Debug|Any CPU = Debug|Any CPU
		Release|Any CPU = Release|Any CPU
	EndGlobalSection
	GlobalSection(ProjectConfigurationPlatforms) = postSolution
		{8F59ACA2-9F76-4D2C-82D3-991B05CD45B8}.Debug|Any CPU.ActiveCfg = Debug|Any CPU
		{8F59ACA2-9F76-4D2C-82D3-991B05CD45B8}.Debug|Any CPU.Build.0 = Debug|Any CPU
		{8F59ACA2-9F76-4D2C-82D3-991B05CD45B8}.Release|Any CPU.ActiveCfg = Release|Any CPU
		{8F59ACA2-9F76-4D2C-82D3-991B05CD45B8}.Release|Any CPU.Build.0 = Release|Any CPU
	EndGlobalSection
	GlobalSection(SolutionProperties) = preSolution
		HideSolutionNode = FALSE
	EndGlobalSection
	GlobalSection(ExtensibilityGlobals) = postSolution
		SolutionGuid = {45DFBBB8-D4BA-4BA4-89AF-BDCE5D39D14A}
	EndGlobalSection
EndGlobal
